<?xml version="1.0" encoding="utf-8"?>
<Project ToolsVersion="4.0" xmlns="http://schemas.microsoft.com/developer/msbuild/2003">
  <ItemGroup>
    <Filter Include="Commen">
      <UniqueIdentifier>{ae3ce021-3d32-429a-b850-a109ce2040dc}</UniqueIdentifier>
    </Filter>
  </ItemGroup>
  <ItemGroup>
    <ClInclude Include="..\..\..\GridAndBlock\cudaheader.h" />
    <ClInclude Include="..\..\..\Commen\commen.h">
      <Filter>Commen</Filter>
    </ClInclude>
  </ItemGroup>
  <ItemGroup>
    <CudaCompile Include="..\..\..\GridAndBlock\kernel.cu" />
  </ItemGroup>
  <ItemGroup>
    <ClCompile Include="..\..\..\GridAndBlock\main.cpp" />
  </ItemGroup>
</Project>